// !$*UTF8*$!
{
	archiveVersion = 1;
	classes = {
	};
	objectVersion = 51;
	objects = {

/* Begin PBXBuildFile section */
		12DC0A44FACF19A920CA5150 /* Pods_Instagram.framework in Frameworks */ = {isa = PBXBuildFile; fileRef = 7E289D8005EC9C82E57F83AF /* Pods_Instagram.framework */; };
		286B946E26B9D312006CCA6D /* AppDelegate.swift in Sources */ = {isa = PBXBuildFile; fileRef = 286B946D26B9D312006CCA6D /* AppDelegate.swift */; };
		286B947026B9D312006CCA6D /* SceneDelegate.swift in Sources */ = {isa = PBXBuildFile; fileRef = 286B946F26B9D312006CCA6D /* SceneDelegate.swift */; };
		286B947226B9D312006CCA6D /* ViewController.swift in Sources */ = {isa = PBXBuildFile; fileRef = 286B947126B9D312006CCA6D /* ViewController.swift */; };
		286B947526B9D312006CCA6D /* Main.storyboard in Resources */ = {isa = PBXBuildFile; fileRef = 286B947326B9D312006CCA6D /* Main.storyboard */; };
		286B947726B9D316006CCA6D /* Assets.xcassets in Resources */ = {isa = PBXBuildFile; fileRef = 286B947626B9D316006CCA6D /* Assets.xcassets */; };
		286B947A26B9D316006CCA6D /* LaunchScreen.storyboard in Resources */ = {isa = PBXBuildFile; fileRef = 286B947826B9D316006CCA6D /* LaunchScreen.storyboard */; };
		286B948526B9D316006CCA6D /* InstagramTests.swift in Sources */ = {isa = PBXBuildFile; fileRef = 286B948426B9D316006CCA6D /* InstagramTests.swift */; };
		286B949026B9D316006CCA6D /* InstagramUITests.swift in Sources */ = {isa = PBXBuildFile; fileRef = 286B948F26B9D316006CCA6D /* InstagramUITests.swift */; };
		28AA133626B9DB9500E0B283 /* LoginViewController.swift in Sources */ = {isa = PBXBuildFile; fileRef = 28AA133526B9DB9500E0B283 /* LoginViewController.swift */; };
		28AA133B26B9DBAB00E0B283 /* FeedViewController.swift in Sources */ = {isa = PBXBuildFile; fileRef = 28AA133A26B9DBAB00E0B283 /* FeedViewController.swift */; };
		28AA134026C48FA900E0B283 /* CameraViewController.swift in Sources */ = {isa = PBXBuildFile; fileRef = 28AA133F26C48FA900E0B283 /* CameraViewController.swift */; };
		28AA134526C4982E00E0B283 /* PostCell.swift in Sources */ = {isa = PBXBuildFile; fileRef = 28AA134426C4982D00E0B283 /* PostCell.swift */; };
		28AA135526CF5E0000E0B283 /* CommentCell.swift in Sources */ = {isa = PBXBuildFile; fileRef = 28AA135426CF5E0000E0B283 /* CommentCell.swift */; };
		7DE1197B1B2157AAE7A7A882 /* Pods_InstagramTests.framework in Frameworks */ = {isa = PBXBuildFile; fileRef = 68C3BFF8435A5245A5083633 /* Pods_InstagramTests.framework */; };
		E77E7BE1C4785DB97CF5DA7C /* Pods_Instagram_InstagramUITests.framework in Frameworks */ = {isa = PBXBuildFile; fileRef = F8433AFD025367F5080F10AE /* Pods_Instagram_InstagramUITests.framework */; };
/* End PBXBuildFile section */

/* Begin PBXContainerItemProxy section */
		286B948126B9D316006CCA6D /* PBXContainerItemProxy */ = {
			isa = PBXContainerItemProxy;
			containerPortal = 286B946226B9D311006CCA6D /* Project object */;
			proxyType = 1;
			remoteGlobalIDString = 286B946926B9D312006CCA6D;
			remoteInfo = Instagram;
		};
		286B948C26B9D316006CCA6D /* PBXContainerItemProxy */ = {
			isa = PBXContainerItemProxy;
			containerPortal = 286B946226B9D311006CCA6D /* Project object */;
			proxyType = 1;
			remoteGlobalIDString = 286B946926B9D312006CCA6D;
			remoteInfo = Instagram;
		};
/* End PBXContainerItemProxy section */

/* Begin PBXFileReference section */
		0553C8400AD7DE4AB150DEA6 /* Pods-Instagram.debug.xcconfig */ = {isa = PBXFileReference; includeInIndex = 1; lastKnownFileType = text.xcconfig; name = "Pods-Instagram.debug.xcconfig"; path = "Target Support Files/Pods-Instagram/Pods-Instagram.debug.xcconfig"; sourceTree = "<group>"; };
		076B48E964279DA8D68046FF /* Pods-Instagram-InstagramUITests.debug.xcconfig */ = {isa = PBXFileReference; includeInIndex = 1; lastKnownFileType = text.xcconfig; name = "Pods-Instagram-InstagramUITests.debug.xcconfig"; path = "Target Support Files/Pods-Instagram-InstagramUITests/Pods-Instagram-InstagramUITests.debug.xcconfig"; sourceTree = "<group>"; };
		286B946A26B9D312006CCA6D /* Instagram.app */ = {isa = PBXFileReference; explicitFileType = wrapper.application; includeInIndex = 0; path = Instagram.app; sourceTree = BUILT_PRODUCTS_DIR; };
		286B946D26B9D312006CCA6D /* AppDelegate.swift */ = {isa = PBXFileReference; lastKnownFileType = sourcecode.swift; path = AppDelegate.swift; sourceTree = "<group>"; };
		286B946F26B9D312006CCA6D /* SceneDelegate.swift */ = {isa = PBXFileReference; lastKnownFileType = sourcecode.swift; path = SceneDelegate.swift; sourceTree = "<group>"; };
		286B947126B9D312006CCA6D /* ViewController.swift */ = {isa = PBXFileReference; lastKnownFileType = sourcecode.swift; path = ViewController.swift; sourceTree = "<group>"; };
		286B947426B9D312006CCA6D /* Base */ = {isa = PBXFileReference; lastKnownFileType = file.storyboard; name = Base; path = Base.lproj/Main.storyboard; sourceTree = "<group>"; };
		286B947626B9D316006CCA6D /* Assets.xcassets */ = {isa = PBXFileReference; lastKnownFileType = folder.assetcatalog; path = Assets.xcassets; sourceTree = "<group>"; };
		286B947926B9D316006CCA6D /* Base */ = {isa = PBXFileReference; lastKnownFileType = file.storyboard; name = Base; path = Base.lproj/LaunchScreen.storyboard; sourceTree = "<group>"; };
		286B947B26B9D316006CCA6D /* Info.plist */ = {isa = PBXFileReference; lastKnownFileType = text.plist.xml; path = Info.plist; sourceTree = "<group>"; };
		286B948026B9D316006CCA6D /* InstagramTests.xctest */ = {isa = PBXFileReference; explicitFileType = wrapper.cfbundle; includeInIndex = 0; path = InstagramTests.xctest; sourceTree = BUILT_PRODUCTS_DIR; };
		286B948426B9D316006CCA6D /* InstagramTests.swift */ = {isa = PBXFileReference; lastKnownFileType = sourcecode.swift; path = InstagramTests.swift; sourceTree = "<group>"; };
		286B948626B9D316006CCA6D /* Info.plist */ = {isa = PBXFileReference; lastKnownFileType = text.plist.xml; path = Info.plist; sourceTree = "<group>"; };
		286B948B26B9D316006CCA6D /* InstagramUITests.xctest */ = {isa = PBXFileReference; explicitFileType = wrapper.cfbundle; includeInIndex = 0; path = InstagramUITests.xctest; sourceTree = BUILT_PRODUCTS_DIR; };
		286B948F26B9D316006CCA6D /* InstagramUITests.swift */ = {isa = PBXFileReference; lastKnownFileType = sourcecode.swift; path = InstagramUITests.swift; sourceTree = "<group>"; };
		286B949126B9D316006CCA6D /* Info.plist */ = {isa = PBXFileReference; lastKnownFileType = text.plist.xml; path = Info.plist; sourceTree = "<group>"; };
		28AA133526B9DB9500E0B283 /* LoginViewController.swift */ = {isa = PBXFileReference; lastKnownFileType = sourcecode.swift; path = LoginViewController.swift; sourceTree = "<group>"; };
		28AA133A26B9DBAB00E0B283 /* FeedViewController.swift */ = {isa = PBXFileReference; lastKnownFileType = sourcecode.swift; path = FeedViewController.swift; sourceTree = "<group>"; };
		28AA133F26C48FA900E0B283 /* CameraViewController.swift */ = {isa = PBXFileReference; lastKnownFileType = sourcecode.swift; path = CameraViewController.swift; sourceTree = "<group>"; };
		28AA134426C4982D00E0B283 /* PostCell.swift */ = {isa = PBXFileReference; lastKnownFileType = sourcecode.swift; path = PostCell.swift; sourceTree = "<group>"; };
		28AA135426CF5E0000E0B283 /* CommentCell.swift */ = {isa = PBXFileReference; lastKnownFileType = sourcecode.swift; path = CommentCell.swift; sourceTree = "<group>"; };
		34097C250067D1D238BC92B9 /* Pods-Instagram.release.xcconfig */ = {isa = PBXFileReference; includeInIndex = 1; lastKnownFileType = text.xcconfig; name = "Pods-Instagram.release.xcconfig"; path = "Target Support Files/Pods-Instagram/Pods-Instagram.release.xcconfig"; sourceTree = "<group>"; };
		62B2CA1DD18AE61CDEDCC8B6 /* Pods-InstagramTests.release.xcconfig */ = {isa = PBXFileReference; includeInIndex = 1; lastKnownFileType = text.xcconfig; name = "Pods-InstagramTests.release.xcconfig"; path = "Target Support Files/Pods-InstagramTests/Pods-InstagramTests.release.xcconfig"; sourceTree = "<group>"; };
		681B49814A7C2C72A7A855A9 /* Pods-Instagram-InstagramUITests.release.xcconfig */ = {isa = PBXFileReference; includeInIndex = 1; lastKnownFileType = text.xcconfig; name = "Pods-Instagram-InstagramUITests.release.xcconfig"; path = "Target Support Files/Pods-Instagram-InstagramUITests/Pods-Instagram-InstagramUITests.release.xcconfig"; sourceTree = "<group>"; };
		68C3BFF8435A5245A5083633 /* Pods_InstagramTests.framework */ = {isa = PBXFileReference; explicitFileType = wrapper.framework; includeInIndex = 0; path = Pods_InstagramTests.framework; sourceTree = BUILT_PRODUCTS_DIR; };
		7E289D8005EC9C82E57F83AF /* Pods_Instagram.framework */ = {isa = PBXFileReference; explicitFileType = wrapper.framework; includeInIndex = 0; path = Pods_Instagram.framework; sourceTree = BUILT_PRODUCTS_DIR; };
		E0B7A4579F2AAFFBD827DBAD /* Pods-InstagramTests.debug.xcconfig */ = {isa = PBXFileReference; includeInIndex = 1; lastKnownFileType = text.xcconfig; name = "Pods-InstagramTests.debug.xcconfig"; path = "Target Support Files/Pods-InstagramTests/Pods-InstagramTests.debug.xcconfig"; sourceTree = "<group>"; };
		F8433AFD025367F5080F10AE /* Pods_Instagram_InstagramUITests.framework */ = {isa = PBXFileReference; explicitFileType = wrapper.framework; includeInIndex = 0; path = Pods_Instagram_InstagramUITests.framework; sourceTree = BUILT_PRODUCTS_DIR; };
/* End PBXFileReference section */

/* Begin PBXFrameworksBuildPhase section */
		286B946726B9D312006CCA6D /* Frameworks */ = {
			isa = PBXFrameworksBuildPhase;
			buildActionMask = 2147483647;
			files = (
				12DC0A44FACF19A920CA5150 /* Pods_Instagram.framework in Frameworks */,
			);
			runOnlyForDeploymentPostprocessing = 0;
		};
		286B947D26B9D316006CCA6D /* Frameworks */ = {
			isa = PBXFrameworksBuildPhase;
			buildActionMask = 2147483647;
			files = (
				7DE1197B1B2157AAE7A7A882 /* Pods_InstagramTests.framework in Frameworks */,
			);
			runOnlyForDeploymentPostprocessing = 0;
		};
		286B948826B9D316006CCA6D /* Frameworks */ = {
			isa = PBXFrameworksBuildPhase;
			buildActionMask = 2147483647;
			files = (
				E77E7BE1C4785DB97CF5DA7C /* Pods_Instagram_InstagramUITests.framework in Frameworks */,
			);
			runOnlyForDeploymentPostprocessing = 0;
		};
/* End PBXFrameworksBuildPhase section */

/* Begin PBXGroup section */
		1319F7B4ED8DBFC913D4A23D /* Pods */ = {
			isa = PBXGroup;
			children = (
				0553C8400AD7DE4AB150DEA6 /* Pods-Instagram.debug.xcconfig */,
				34097C250067D1D238BC92B9 /* Pods-Instagram.release.xcconfig */,
				076B48E964279DA8D68046FF /* Pods-Instagram-InstagramUITests.debug.xcconfig */,
				681B49814A7C2C72A7A855A9 /* Pods-Instagram-InstagramUITests.release.xcconfig */,
				E0B7A4579F2AAFFBD827DBAD /* Pods-InstagramTests.debug.xcconfig */,
				62B2CA1DD18AE61CDEDCC8B6 /* Pods-InstagramTests.release.xcconfig */,
			);
			path = Pods;
			sourceTree = "<group>";
		};
		13F8945759A92F6343881140 /* Frameworks */ = {
			isa = PBXGroup;
			children = (
				7E289D8005EC9C82E57F83AF /* Pods_Instagram.framework */,
				F8433AFD025367F5080F10AE /* Pods_Instagram_InstagramUITests.framework */,
				68C3BFF8435A5245A5083633 /* Pods_InstagramTests.framework */,
			);
			name = Frameworks;
			sourceTree = "<group>";
		};
		286B946126B9D311006CCA6D = {
			isa = PBXGroup;
			children = (
				286B946C26B9D312006CCA6D /* Instagram */,
				286B948326B9D316006CCA6D /* InstagramTests */,
				286B948E26B9D316006CCA6D /* InstagramUITests */,
				286B946B26B9D312006CCA6D /* Products */,
				1319F7B4ED8DBFC913D4A23D /* Pods */,
				13F8945759A92F6343881140 /* Frameworks */,
			);
			sourceTree = "<group>";
		};
		286B946B26B9D312006CCA6D /* Products */ = {
			isa = PBXGroup;
			children = (
				286B946A26B9D312006CCA6D /* Instagram.app */,
				286B948026B9D316006CCA6D /* InstagramTests.xctest */,
				286B948B26B9D316006CCA6D /* InstagramUITests.xctest */,
			);
			name = Products;
			sourceTree = "<group>";
		};
		286B946C26B9D312006CCA6D /* Instagram */ = {
			isa = PBXGroup;
			children = (
				286B946D26B9D312006CCA6D /* AppDelegate.swift */,
				286B946F26B9D312006CCA6D /* SceneDelegate.swift */,
				286B947126B9D312006CCA6D /* ViewController.swift */,
				286B947326B9D312006CCA6D /* Main.storyboard */,
				286B947626B9D316006CCA6D /* Assets.xcassets */,
				286B947826B9D316006CCA6D /* LaunchScreen.storyboard */,
				286B947B26B9D316006CCA6D /* Info.plist */,
				28AA133526B9DB9500E0B283 /* LoginViewController.swift */,
				28AA133A26B9DBAB00E0B283 /* FeedViewController.swift */,
				28AA133F26C48FA900E0B283 /* CameraViewController.swift */,
				28AA134426C4982D00E0B283 /* PostCell.swift */,
				28AA135426CF5E0000E0B283 /* CommentCell.swift */,
			);
			path = Instagram;
			sourceTree = "<group>";
		};
		286B948326B9D316006CCA6D /* InstagramTests */ = {
			isa = PBXGroup;
			children = (
				286B948426B9D316006CCA6D /* InstagramTests.swift */,
				286B948626B9D316006CCA6D /* Info.plist */,
			);
			path = InstagramTests;
			sourceTree = "<group>";
		};
		286B948E26B9D316006CCA6D /* InstagramUITests */ = {
			isa = PBXGroup;
			children = (
				286B948F26B9D316006CCA6D /* InstagramUITests.swift */,
				286B949126B9D316006CCA6D /* Info.plist */,
			);
			path = InstagramUITests;
			sourceTree = "<group>";
		};
/* End PBXGroup section */

/* Begin PBXNativeTarget section */
		286B946926B9D312006CCA6D /* Instagram */ = {
			isa = PBXNativeTarget;
			buildConfigurationList = 286B949426B9D316006CCA6D /* Build configuration list for PBXNativeTarget "Instagram" */;
			buildPhases = (
				2DE4F67AE91377F32F9F1CDF /* [CP] Check Pods Manifest.lock */,
				286B946626B9D312006CCA6D /* Sources */,
				286B946726B9D312006CCA6D /* Frameworks */,
				286B946826B9D312006CCA6D /* Resources */,
				2FD8F3DEEAAC74CCDE7BF14B /* [CP] Embed Pods Frameworks */,
			);
			buildRules = (
			);
			dependencies = (
			);
			name = Instagram;
			productName = Instagram;
			productReference = 286B946A26B9D312006CCA6D /* Instagram.app */;
			productType = "com.apple.product-type.application";
		};
		286B947F26B9D316006CCA6D /* InstagramTests */ = {
			isa = PBXNativeTarget;
			buildConfigurationList = 286B949726B9D316006CCA6D /* Build configuration list for PBXNativeTarget "InstagramTests" */;
			buildPhases = (
				404221EF0F3140F9BFDEC465 /* [CP] Check Pods Manifest.lock */,
				286B947C26B9D316006CCA6D /* Sources */,
				286B947D26B9D316006CCA6D /* Frameworks */,
				286B947E26B9D316006CCA6D /* Resources */,
			);
			buildRules = (
			);
			dependencies = (
				286B948226B9D316006CCA6D /* PBXTargetDependency */,
			);
			name = InstagramTests;
			productName = InstagramTests;
			productReference = 286B948026B9D316006CCA6D /* InstagramTests.xctest */;
			productType = "com.apple.product-type.bundle.unit-test";
		};
		286B948A26B9D316006CCA6D /* InstagramUITests */ = {
			isa = PBXNativeTarget;
			buildConfigurationList = 286B949A26B9D316006CCA6D /* Build configuration list for PBXNativeTarget "InstagramUITests" */;
			buildPhases = (
				F9BE700B502CF65C34C9E862 /* [CP] Check Pods Manifest.lock */,
				286B948726B9D316006CCA6D /* Sources */,
				286B948826B9D316006CCA6D /* Frameworks */,
				286B948926B9D316006CCA6D /* Resources */,
				70C982B866E56C565B07D097 /* [CP] Embed Pods Frameworks */,
			);
			buildRules = (
			);
			dependencies = (
				286B948D26B9D316006CCA6D /* PBXTargetDependency */,
			);
			name = InstagramUITests;
			productName = InstagramUITests;
			productReference = 286B948B26B9D316006CCA6D /* InstagramUITests.xctest */;
			productType = "com.apple.product-type.bundle.ui-testing";
		};
/* End PBXNativeTarget section */

/* Begin PBXProject section */
		286B946226B9D311006CCA6D /* Project object */ = {
			isa = PBXProject;
			attributes = {
				LastSwiftUpdateCheck = 1230;
				LastUpgradeCheck = 1230;
				TargetAttributes = {
					286B946926B9D312006CCA6D = {
						CreatedOnToolsVersion = 12.3;
					};
					286B947F26B9D316006CCA6D = {
						CreatedOnToolsVersion = 12.3;
						TestTargetID = 286B946926B9D312006CCA6D;
					};
					286B948A26B9D316006CCA6D = {
						CreatedOnToolsVersion = 12.3;
						TestTargetID = 286B946926B9D312006CCA6D;
					};
				};
			};
			buildConfigurationList = 286B946526B9D311006CCA6D /* Build configuration list for PBXProject "Instagram" */;
			compatibilityVersion = "Xcode 9.3";
			developmentRegion = en;
			hasScannedForEncodings = 0;
			knownRegions = (
				en,
				Base,
			);
			mainGroup = 286B946126B9D311006CCA6D;
			productRefGroup = 286B946B26B9D312006CCA6D /* Products */;
			projectDirPath = "";
			projectRoot = "";
			targets = (
				286B946926B9D312006CCA6D /* Instagram */,
				286B947F26B9D316006CCA6D /* InstagramTests */,
				286B948A26B9D316006CCA6D /* InstagramUITests */,
			);
		};
/* End PBXProject section */

/* Begin PBXResourcesBuildPhase section */
		286B946826B9D312006CCA6D /* Resources */ = {
			isa = PBXResourcesBuildPhase;
			buildActionMask = 2147483647;
			files = (
				286B947A26B9D316006CCA6D /* LaunchScreen.storyboard in Resources */,
				286B947726B9D316006CCA6D /* Assets.xcassets in Resources */,
				286B947526B9D312006CCA6D /* Main.storyboard in Resources */,
			);
			runOnlyForDeploymentPostprocessing = 0;
		};
		286B947E26B9D316006CCA6D /* Resources */ = {
			isa = PBXResourcesBuildPhase;
			buildActionMask = 2147483647;
			files = (
			);
			runOnlyForDeploymentPostprocessing = 0;
		};
		286B948926B9D316006CCA6D /* Resources */ = {
			isa = PBXResourcesBuildPhase;
			buildActionMask = 2147483647;
			files = (
			);
			runOnlyForDeploymentPostprocessing = 0;
		};
/* End PBXResourcesBuildPhase section */

/* Begin PBXShellScriptBuildPhase section */
		2DE4F67AE91377F32F9F1CDF /* [CP] Check Pods Manifest.lock */ = {
			isa = PBXShellScriptBuildPhase;
			buildActionMask = 2147483647;
			files = (
			);
			inputFileListPaths = (
			);
			inputPaths = (
				"${PODS_PODFILE_DIR_PATH}/Podfile.lock",
				"${PODS_ROOT}/Manifest.lock",
			);
			name = "[CP] Check Pods Manifest.lock";
			outputFileListPaths = (
			);
			outputPaths = (
				"$(DERIVED_FILE_DIR)/Pods-Instagram-checkManifestLockResult.txt",
			);
			runOnlyForDeploymentPostprocessing = 0;
			shellPath = /bin/sh;
			shellScript = "diff \"${PODS_PODFILE_DIR_PATH}/Podfile.lock\" \"${PODS_ROOT}/Manifest.lock\" > /dev/null\nif [ $? != 0 ] ; then\n    # print error to STDERR\n    echo \"error: The sandbox is not in sync with the Podfile.lock. Run 'pod install' or update your CocoaPods installation.\" >&2\n    exit 1\nfi\n# This output is used by Xcode 'outputs' to avoid re-running this script phase.\necho \"SUCCESS\" > \"${SCRIPT_OUTPUT_FILE_0}\"\n";
			showEnvVarsInLog = 0;
		};
		2FD8F3DEEAAC74CCDE7BF14B /* [CP] Embed Pods Frameworks */ = {
			isa = PBXShellScriptBuildPhase;
			buildActionMask = 2147483647;
			files = (
			);
			inputFileListPaths = (
				"${PODS_ROOT}/Target Support Files/Pods-Instagram/Pods-Instagram-frameworks-${CONFIGURATION}-input-files.xcfilelist",
			);
			name = "[CP] Embed Pods Frameworks";
			outputFileListPaths = (
				"${PODS_ROOT}/Target Support Files/Pods-Instagram/Pods-Instagram-frameworks-${CONFIGURATION}-output-files.xcfilelist",
			);
			runOnlyForDeploymentPostprocessing = 0;
			shellPath = /bin/sh;
			shellScript = "\"${PODS_ROOT}/Target Support Files/Pods-Instagram/Pods-Instagram-frameworks.sh\"\n";
			showEnvVarsInLog = 0;
		};
		404221EF0F3140F9BFDEC465 /* [CP] Check Pods Manifest.lock */ = {
			isa = PBXShellScriptBuildPhase;
			buildActionMask = 2147483647;
			files = (
			);
			inputFileListPaths = (
			);
			inputPaths = (
				"${PODS_PODFILE_DIR_PATH}/Podfile.lock",
				"${PODS_ROOT}/Manifest.lock",
			);
			name = "[CP] Check Pods Manifest.lock";
			outputFileListPaths = (
			);
			outputPaths = (
				"$(DERIVED_FILE_DIR)/Pods-InstagramTests-checkManifestLockResult.txt",
			);
			runOnlyForDeploymentPostprocessing = 0;
			shellPath = /bin/sh;
			shellScript = "diff \"${PODS_PODFILE_DIR_PATH}/Podfile.lock\" \"${PODS_ROOT}/Manifest.lock\" > /dev/null\nif [ $? != 0 ] ; then\n    # print error to STDERR\n    echo \"error: The sandbox is not in sync with the Podfile.lock. Run 'pod install' or update your CocoaPods installation.\" >&2\n    exit 1\nfi\n# This output is used by Xcode 'outputs' to avoid re-running this script phase.\necho \"SUCCESS\" > \"${SCRIPT_OUTPUT_FILE_0}\"\n";
			showEnvVarsInLog = 0;
		};
		70C982B866E56C565B07D097 /* [CP] Embed Pods Frameworks */ = {
			isa = PBXShellScriptBuildPhase;
			buildActionMask = 2147483647;
			files = (
			);
			inputFileListPaths = (
				"${PODS_ROOT}/Target Support Files/Pods-Instagram-InstagramUITests/Pods-Instagram-InstagramUITests-frameworks-${CONFIGURATION}-input-files.xcfilelist",
			);
			name = "[CP] Embed Pods Frameworks";
			outputFileListPaths = (
				"${PODS_ROOT}/Target Support Files/Pods-Instagram-InstagramUITests/Pods-Instagram-InstagramUITests-frameworks-${CONFIGURATION}-output-files.xcfilelist",
			);
			runOnlyForDeploymentPostprocessing = 0;
			shellPath = /bin/sh;
			shellScript = "\"${PODS_ROOT}/Target Support Files/Pods-Instagram-InstagramUITests/Pods-Instagram-InstagramUITests-frameworks.sh\"\n";
			showEnvVarsInLog = 0;
		};
		F9BE700B502CF65C34C9E862 /* [CP] Check Pods Manifest.lock */ = {
			isa = PBXShellScriptBuildPhase;
			buildActionMask = 2147483647;
			files = (
			);
			inputFileListPaths = (
			);
			inputPaths = (
				"${PODS_PODFILE_DIR_PATH}/Podfile.lock",
				"${PODS_ROOT}/Manifest.lock",
			);
			name = "[CP] Check Pods Manifest.lock";
			outputFileListPaths = (
			);
			outputPaths = (
				"$(DERIVED_FILE_DIR)/Pods-Instagram-InstagramUITests-checkManifestLockResult.txt",
			);
			runOnlyForDeploymentPostprocessing = 0;
			shellPath = /bin/sh;
			shellScript = "diff \"${PODS_PODFILE_DIR_PATH}/Podfile.lock\" \"${PODS_ROOT}/Manifest.lock\" > /dev/null\nif [ $? != 0 ] ; then\n    # print error to STDERR\n    echo \"error: The sandbox is not in sync with the Podfile.lock. Run 'pod install' or update your CocoaPods installation.\" >&2\n    exit 1\nfi\n# This output is used by Xcode 'outputs' to avoid re-running this script phase.\necho \"SUCCESS\" > \"${SCRIPT_OUTPUT_FILE_0}\"\n";
			showEnvVarsInLog = 0;
		};
/* End PBXShellScriptBuildPhase section */

/* Begin PBXSourcesBuildPhase section */
		286B946626B9D312006CCA6D /* Sources */ = {
			isa = PBXSourcesBuildPhase;
			buildActionMask = 2147483647;
			files = (
				28AA134526C4982E00E0B283 /* PostCell.swift in Sources */,
				28AA133626B9DB9500E0B283 /* LoginViewController.swift in Sources */,
				286B947226B9D312006CCA6D /* ViewController.swift in Sources */,
				28AA133B26B9DBAB00E0B283 /* FeedViewController.swift in Sources */,
				286B946E26B9D312006CCA6D /* AppDelegate.swift in Sources */,
				286B947026B9D312006CCA6D /* SceneDelegate.swift in Sources */,
				28AA134026C48FA900E0B283 /* CameraViewController.swift in Sources */,
				28AA135526CF5E0000E0B283 /* CommentCell.swift in Sources */,
			);
			runOnlyForDeploymentPostprocessing = 0;
		};
		286B947C26B9D316006CCA6D /* Sources */ = {
			isa = PBXSourcesBuildPhase;
			buildActionMask = 2147483647;
			files = (
				286B948526B9D316006CCA6D /* InstagramTests.swift in Sources */,
			);
			runOnlyForDeploymentPostprocessing = 0;
		};
		286B948726B9D316006CCA6D /* Sources */ = {
			isa = PBXSourcesBuildPhase;
			buildActionMask = 2147483647;
			files = (
				286B949026B9D316006CCA6D /* InstagramUITests.swift in Sources */,
			);
			runOnlyForDeploymentPostprocessing = 0;
		};
/* End PBXSourcesBuildPhase section */

/* Begin PBXTargetDependency section */
		286B948226B9D316006CCA6D /* PBXTargetDependency */ = {
			isa = PBXTargetDependency;
			target = 286B946926B9D312006CCA6D /* Instagram */;
			targetProxy = 286B948126B9D316006CCA6D /* PBXContainerItemProxy */;
		};
		286B948D26B9D316006CCA6D /* PBXTargetDependency */ = {
			isa = PBXTargetDependency;
			target = 286B946926B9D312006CCA6D /* Instagram */;
			targetProxy = 286B948C26B9D316006CCA6D /* PBXContainerItemProxy */;
		};
/* End PBXTargetDependency section */

/* Begin PBXVariantGroup section */
		286B947326B9D312006CCA6D /* Main.storyboard */ = {
			isa = PBXVariantGroup;
			children = (
				286B947426B9D312006CCA6D /* Base */,
			);
			name = Main.storyboard;
			sourceTree = "<group>";
		};
		286B947826B9D316006CCA6D /* LaunchScreen.storyboard */ = {
			isa = PBXVariantGroup;
			children = (
				286B947926B9D316006CCA6D /* Base */,
			);
			name = LaunchScreen.storyboard;
			sourceTree = "<group>";
		};
/* End PBXVariantGroup section */

/* Begin XCBuildConfiguration section */
		286B949226B9D316006CCA6D /* Debug */ = {
			isa = XCBuildConfiguration;
			buildSettings = {
				ALWAYS_SEARCH_USER_PATHS = NO;
				CLANG_ANALYZER_NONNULL = YES;
				CLANG_ANALYZER_NUMBER_OBJECT_CONVERSION = YES_AGGRESSIVE;
				CLANG_CXX_LANGUAGE_STANDARD = "gnu++14";
				CLANG_CXX_LIBRARY = "libc++";
				CLANG_ENABLE_MODULES = YES;
				CLANG_ENABLE_OBJC_ARC = YES;
				CLANG_ENABLE_OBJC_WEAK = YES;
				CLANG_WARN_BLOCK_CAPTURE_AUTORELEASING = YES;
				CLANG_WARN_BOOL_CONVERSION = YES;
				CLANG_WARN_COMMA = YES;
				CLANG_WARN_CONSTANT_CONVERSION = YES;
				CLANG_WARN_DEPRECATED_OBJC_IMPLEMENTATIONS = YES;
				CLANG_WARN_DIRECT_OBJC_ISA_USAGE = YES_ERROR;
				CLANG_WARN_DOCUMENTATION_COMMENTS = YES;
				CLANG_WARN_EMPTY_BODY = YES;
				CLANG_WARN_ENUM_CONVERSION = YES;
				CLANG_WARN_INFINITE_RECURSION = YES;
				CLANG_WARN_INT_CONVERSION = YES;
				CLANG_WARN_NON_LITERAL_NULL_CONVERSION = YES;
				CLANG_WARN_OBJC_IMPLICIT_RETAIN_SELF = YES;
				CLANG_WARN_OBJC_LITERAL_CONVERSION = YES;
				CLANG_WARN_OBJC_ROOT_CLASS = YES_ERROR;
				CLANG_WARN_QUOTED_INCLUDE_IN_FRAMEWORK_HEADER = YES;
				CLANG_WARN_RANGE_LOOP_ANALYSIS = YES;
				CLANG_WARN_STRICT_PROTOTYPES = YES;
				CLANG_WARN_SUSPICIOUS_MOVE = YES;
				CLANG_WARN_UNGUARDED_AVAILABILITY = YES_AGGRESSIVE;
				CLANG_WARN_UNREACHABLE_CODE = YES;
				CLANG_WARN__DUPLICATE_METHOD_MATCH = YES;
				COPY_PHASE_STRIP = NO;
				DEBUG_INFORMATION_FORMAT = dwarf;
				ENABLE_STRICT_OBJC_MSGSEND = YES;
				ENABLE_TESTABILITY = YES;
				GCC_C_LANGUAGE_STANDARD = gnu11;
				GCC_DYNAMIC_NO_PIC = NO;
				GCC_NO_COMMON_BLOCKS = YES;
				GCC_OPTIMIZATION_LEVEL = 0;
				GCC_PREPROCESSOR_DEFINITIONS = (
					"DEBUG=1",
					"$(inherited)",
				);
				GCC_WARN_64_TO_32_BIT_CONVERSION = YES;
				GCC_WARN_ABOUT_RETURN_TYPE = YES_ERROR;
				GCC_WARN_UNDECLARED_SELECTOR = YES;
				GCC_WARN_UNINITIALIZED_AUTOS = YES_AGGRESSIVE;
				GCC_WARN_UNUSED_FUNCTION = YES;
				GCC_WARN_UNUSED_VARIABLE = YES;
				IPHONEOS_DEPLOYMENT_TARGET = 14.3;
				MTL_ENABLE_DEBUG_INFO = INCLUDE_SOURCE;
				MTL_FAST_MATH = YES;
				ONLY_ACTIVE_ARCH = YES;
				SDKROOT = iphoneos;
				SWIFT_ACTIVE_COMPILATION_CONDITIONS = DEBUG;
				SWIFT_OPTIMIZATION_LEVEL = "-Onone";
			};
			name = Debug;
		};
		286B949326B9D316006CCA6D /* Release */ = {
			isa = XCBuildConfiguration;
			buildSettings = {
				ALWAYS_SEARCH_USER_PATHS = NO;
				CLANG_ANALYZER_NONNULL = YES;
				CLANG_ANALYZER_NUMBER_OBJECT_CONVERSION = YES_AGGRESSIVE;
				CLANG_CXX_LANGUAGE_STANDARD = "gnu++14";
				CLANG_CXX_LIBRARY = "libc++";
				CLANG_ENABLE_MODULES = YES;
				CLANG_ENABLE_OBJC_ARC = YES;
				CLANG_ENABLE_OBJC_WEAK = YES;
				CLANG_WARN_BLOCK_CAPTURE_AUTORELEASING = YES;
				CLANG_WARN_BOOL_CONVERSION = YES;
				CLANG_WARN_COMMA = YES;
				CLANG_WARN_CONSTANT_CONVERSION = YES;
				CLANG_WARN_DEPRECATED_OBJC_IMPLEMENTATIONS = YES;
				CLANG_WARN_DIRECT_OBJC_ISA_USAGE = YES_ERROR;
				CLANG_WARN_DOCUMENTATION_COMMENTS = YES;
				CLANG_WARN_EMPTY_BODY = YES;
				CLANG_WARN_ENUM_CONVERSION = YES;
				CLANG_WARN_INFINITE_RECURSION = YES;
				CLANG_WARN_INT_CONVERSION = YES;
				CLANG_WARN_NON_LITERAL_NULL_CONVERSION = YES;
				CLANG_WARN_OBJC_IMPLICIT_RETAIN_SELF = YES;
				CLANG_WARN_OBJC_LITERAL_CONVERSION = YES;
				CLANG_WARN_OBJC_ROOT_CLASS = YES_ERROR;
				CLANG_WARN_QUOTED_INCLUDE_IN_FRAMEWORK_HEADER = YES;
				CLANG_WARN_RANGE_LOOP_ANALYSIS = YES;
				CLANG_WARN_STRICT_PROTOTYPES = YES;
				CLANG_WARN_SUSPICIOUS_MOVE = YES;
				CLANG_WARN_UNGUARDED_AVAILABILITY = YES_AGGRESSIVE;
				CLANG_WARN_UNREACHABLE_CODE = YES;
				CLANG_WARN__DUPLICATE_METHOD_MATCH = YES;
				COPY_PHASE_STRIP = NO;
				DEBUG_INFORMATION_FORMAT = "dwarf-with-dsym";
				ENABLE_NS_ASSERTIONS = NO;
				ENABLE_STRICT_OBJC_MSGSEND = YES;
				GCC_C_LANGUAGE_STANDARD = gnu11;
				GCC_NO_COMMON_BLOCKS = YES;
				GCC_WARN_64_TO_32_BIT_CONVERSION = YES;
				GCC_WARN_ABOUT_RETURN_TYPE = YES_ERROR;
				GCC_WARN_UNDECLARED_SELECTOR = YES;
				GCC_WARN_UNINITIALIZED_AUTOS = YES_AGGRESSIVE;
				GCC_WARN_UNUSED_FUNCTION = YES;
				GCC_WARN_UNUSED_VARIABLE = YES;
				IPHONEOS_DEPLOYMENT_TARGET = 14.3;
				MTL_ENABLE_DEBUG_INFO = NO;
				MTL_FAST_MATH = YES;
				SDKROOT = iphoneos;
				SWIFT_COMPILATION_MODE = wholemodule;
				SWIFT_OPTIMIZATION_LEVEL = "-O";
				VALIDATE_PRODUCT = YES;
			};
			name = Release;
		};
		286B949526B9D316006CCA6D /* Debug */ = {
			isa = XCBuildConfiguration;
			baseConfigurationReference = 0553C8400AD7DE4AB150DEA6 /* Pods-Instagram.debug.xcconfig */;
			buildSettings = {
				ASSETCATALOG_COMPILER_APPICON_NAME = AppIcon;
				ASSETCATALOG_COMPILER_GLOBAL_ACCENT_COLOR_NAME = AccentColor;
				CODE_SIGN_STYLE = Automatic;
				DEVELOPMENT_TEAM = ZW23S39DT8;
				INFOPLIST_FILE = Instagram/Info.plist;
				LD_RUNPATH_SEARCH_PATHS = (
					"$(inherited)",
					"@executable_path/Frameworks",
				);
				PRODUCT_BUNDLE_IDENTIFIER = com.EfazAhmed.Instagram;
				PRODUCT_NAME = "$(TARGET_NAME)";
				SWIFT_VERSION = 5.0;
				TARGETED_DEVICE_FAMILY = "1,2";
			};
			name = Debug;
		};
		286B949626B9D316006CCA6D /* Release */ = {
			isa = XCBuildConfiguration;
			baseConfigurationReference = 34097C250067D1D238BC92B9 /* Pods-Instagram.release.xcconfig */;
			buildSettings = {
				ASSETCATALOG_COMPILER_APPICON_NAME = AppIcon;
				ASSETCATALOG_COMPILER_GLOBAL_ACCENT_COLOR_NAME = AccentColor;
				CODE_SIGN_STYLE = Automatic;
				DEVELOPMENT_TEAM = ZW23S39DT8;
				INFOPLIST_FILE = Instagram/Info.plist;
				LD_RUNPATH_SEARCH_PATHS = (
					"$(inherited)",
					"@executable_path/Frameworks",
				);
				PRODUCT_BUNDLE_IDENTIFIER = com.EfazAhmed.Instagram;
				PRODUCT_NAME = "$(TARGET_NAME)";
				SWIFT_VERSION = 5.0;
				TARGETED_DEVICE_FAMILY = "1,2";
			};
			name = Release;
		};
		286B949826B9D316006CCA6D /* Debug */ = {
			isa = XCBuildConfiguration;
			baseConfigurationReference = E0B7A4579F2AAFFBD827DBAD /* Pods-InstagramTests.debug.xcconfig */;
			buildSettings = {
				ALWAYS_EMBED_SWIFT_STANDARD_LIBRARIES = YES;
				BUNDLE_LOADER = "$(TEST_HOST)";
				CODE_SIGN_STYLE = Automatic;
				DEVELOPMENT_TEAM = ZW23S39DT8;
				INFOPLIST_FILE = InstagramTests/Info.plist;
				IPHONEOS_DEPLOYMENT_TARGET = 14.3;
				LD_RUNPATH_SEARCH_PATHS = (
					"$(inherited)",
					"@executable_path/Frameworks",
					"@loader_path/Frameworks",
				);
				PRODUCT_BUNDLE_IDENTIFIER = com.EfazAhmed.InstagramTests;
				PRODUCT_NAME = "$(TARGET_NAME)";
				SWIFT_VERSION = 5.0;
				TARGETED_DEVICE_FAMILY = "1,2";
				TEST_HOST = "$(BUILT_PRODUCTS_DIR)/Instagram.app/Instagram";
			};
			name = Debug;
		};
		286B949926B9D316006CCA6D /* Release */ = {
			isa = XCBuildConfiguration;
			baseConfigurationReference = 62B2CA1DD18AE61CDEDCC8B6 /* Pods-InstagramTests.release.xcconfig */;
			buildSettings = {
				ALWAYS_EMBED_SWIFT_STANDARD_LIBRARIES = YES;
				BUNDLE_LOADER = "$(TEST_HOST)";
				CODE_SIGN_STYLE = Automatic;
				DEVELOPMENT_TEAM = ZW23S39DT8;
				INFOPLIST_FILE = InstagramTests/Info.plist;
				IPHONEOS_DEPLOYMENT_TARGET = 14.3;
				LD_RUNPATH_SEARCH_PATHS = (
					"$(inherited)",
					"@executable_path/Frameworks",
					"@loader_path/Frameworks",
				);
				PRODUCT_BUNDLE_IDENTIFIER = com.EfazAhmed.InstagramTests;
				PRODUCT_NAME = "$(TARGET_NAME)";
				SWIFT_VERSION = 5.0;
				TARGETED_DEVICE_FAMILY = "1,2";
				TEST_HOST = "$(BUILT_PRODUCTS_DIR)/Instagram.app/Instagram";
			};
			name = Release;
		};
		286B949B26B9D316006CCA6D /* Debug */ = {
			isa = XCBuildConfiguration;
			baseConfigurationReference = 076B48E964279DA8D68046FF /* Pods-Instagram-InstagramUITests.debug.xcconfig */;
			buildSettings = {
				ALWAYS_EMBED_SWIFT_STANDARD_LIBRARIES = YES;
				CODE_SIGN_STYLE = Automatic;
				DEVELOPMENT_TEAM = ZW23S39DT8;
				INFOPLIST_FILE = InstagramUITests/Info.plist;
				LD_RUNPATH_SEARCH_PATHS = (
					"$(inherited)",
					"@executable_path/Frameworks",
					"@loader_path/Frameworks",
				);
				PRODUCT_BUNDLE_IDENTIFIER = com.EfazAhmed.InstagramUITests;
				PRODUCT_NAME = "$(TARGET_NAME)";
				SWIFT_VERSION = 5.0;
				TARGETED_DEVICE_FAMILY = "1,2";
				TEST_TARGET_NAME = Instagram;
			};
			name = Debug;
		};
		286B949C26B9D316006CCA6D /* Release */ = {
			isa = XCBuildConfiguration;
			baseConfigurationReference = 681B49814A7C2C72A7A855A9 /* Pods-Instagram-InstagramUITests.release.xcconfig */;
			buildSettings = {
				ALWAYS_EMBED_SWIFT_STANDARD_LIBRARIES = YES;
				CODE_SIGN_STYLE = Automatic;
				DEVELOPMENT_TEAM = ZW23S39DT8;
				INFOPLIST_FILE = InstagramUITests/Info.plist;
				LD_RUNPATH_SEARCH_PATHS = (
					"$(inherited)",
					"@executable_path/Frameworks",
					"@loader_path/Frameworks",
				);
				PRODUCT_BUNDLE_IDENTIFIER = com.EfazAhmed.InstagramUITests;
				PRODUCT_NAME = "$(TARGET_NAME)";
				SWIFT_VERSION = 5.0;
				TARGETED_DEVICE_FAMILY = "1,2";
				TEST_TARGET_NAME = Instagram;
			};
			name = Release;
		};
/* End XCBuildConfiguration section */

/* Begin XCConfigurationList section */
		286B946526B9D311006CCA6D /* Build configuration list for PBXProject "Instagram" */ = {
			isa = XCConfigurationList;
			buildConfigurations = (
				286B949226B9D316006CCA6D /* Debug */,
				286B949326B9D316006CCA6D /* Release */,
			);
			defaultConfigurationIsVisible = 0;
			defaultConfigurationName = Release;
		};
		286B949426B9D316006CCA6D /* Build configuration list for PBXNativeTarget "Instagram" */ = {
			isa = XCConfigurationList;
			buildConfigurations = (
				286B949526B9D316006CCA6D /* Debug */,
				286B949626B9D316006CCA6D /* Release */,
			);
			defaultConfigurationIsVisible = 0;
			defaultConfigurationName = Release;
		};
		286B949726B9D316006CCA6D /* Build configuration list for PBXNativeTarget "InstagramTests" */ = {
			isa = XCConfigurationList;
			buildConfigurations = (
				286B949826B9D316006CCA6D /* Debug */,
				286B949926B9D316006CCA6D /* Release */,
			);
			defaultConfigurationIsVisible = 0;
			defaultConfigurationName = Release;
		};
		286B949A26B9D316006CCA6D /* Build configuration list for PBXNativeTarget "InstagramUITests" */ = {
			isa = XCConfigurationList;
			buildConfigurations = (
				286B949B26B9D316006CCA6D /* Debug */,
				286B949C26B9D316006CCA6D /* Release */,
			);
			defaultConfigurationIsVisible = 0;
			defaultConfigurationName = Release;
		};
/* End XCConfigurationList section */
	};
	rootObject = 286B946226B9D311006CCA6D /* Project object */;
}
